
Microsoft Visual Studio Solution File, Format Version 12.00
# Visual Studio Version 17
VisualStudioVersion = 17.10.35013.160
MinimumVisualStudioVersion = 10.0.40219.1
Project("{9A19103F-16F7-4668-BE54-9A1E7A4F7556}") = "Task Management App", "Task Management App.csproj", "{E0913A97-7788-4EDC-97B3-4D3BC0E1E708}"
EndProject
Global
	GlobalSection(SolutionConfigurationPlatforms) = preSolution
		Debug|Any CPU = Debug|Any CPU
		Release|Any CPU = Release|Any CPU
	EndGlobalSection
	GlobalSection(ProjectConfigurationPlatforms) = postSolution
		{E0913A97-7788-4EDC-97B3-4D3BC0E1E708}.Debug|Any CPU.ActiveCfg = Debug|Any CPU
		{E0913A97-7788-4EDC-97B3-4D3BC0E1E708}.Debug|Any CPU.Build.0 = Debug|Any CPU
		{E0913A97-7788-4EDC-97B3-4D3BC0E1E708}.Release|Any CPU.ActiveCfg = Release|Any CPU
		{E0913A97-7788-4EDC-97B3-4D3BC0E1E708}.Release|Any CPU.Build.0 = Release|Any CPU
	EndGlobalSection
	GlobalSection(SolutionProperties) = preSolution
		HideSolutionNode = FALSE
	EndGlobalSection
	GlobalSection(ExtensibilityGlobals) = postSolution
		SolutionGuid = {5A5E81E1-56F8-4491-8C2B-1BF85BE83FCF}
	EndGlobalSection
EndGlobal
